# This file was generated by Aiken
# You typically do not need to edit this file

[[requirements]]
name = "aiken-lang/stdlib"
version = "0f88f8ffce60b91ae3e4b3a3f40bab153e494760"
source = "github"

[[packages]]
name = "aiken-lang/stdlib"
version = "0f88f8ffce60b91ae3e4b3a3f40bab153e494760"
requirements = []
source = "github"

[etags]
